
Microsoft Visual Studio Solution File, Format Version 12.00
# Visual Studio Version 17
VisualStudioVersion = 17.14.36518.9
MinimumVisualStudioVersion = 10.0.40219.1
Project("{FAE04EC0-301F-11D3-BF4B-00C04F79EFBC}") = "ClassLibrary1", "ClassLibrary1.csproj", "{FE1EF437-1B9F-450E-8840-358679C15AB1}"
EndProject
Project("{FAE04EC0-301F-11D3-BF4B-00C04F79EFBC}") = "WebApplication1", "..\WebApplication1\WebApplication1.csproj", "{3B2E3AED-F748-473F-BE7B-7FD2AF7C4D0A}"
EndProject
Global
	GlobalSection(SolutionConfigurationPlatforms) = preSolution
		Debug|Any CPU = Debug|Any CPU
		Release|Any CPU = Release|Any CPU
	EndGlobalSection
	GlobalSection(ProjectConfigurationPlatforms) = postSolution
		{FE1EF437-1B9F-450E-8840-358679C15AB1}.Debug|Any CPU.ActiveCfg = Debug|Any CPU
		{FE1EF437-1B9F-450E-8840-358679C15AB1}.Debug|Any CPU.Build.0 = Debug|Any CPU
		{FE1EF437-1B9F-450E-8840-358679C15AB1}.Release|Any CPU.ActiveCfg = Release|Any CPU
		{FE1EF437-1B9F-450E-8840-358679C15AB1}.Release|Any CPU.Build.0 = Release|Any CPU
		{3B2E3AED-F748-473F-BE7B-7FD2AF7C4D0A}.Debug|Any CPU.ActiveCfg = Debug|Any CPU
		{3B2E3AED-F748-473F-BE7B-7FD2AF7C4D0A}.Debug|Any CPU.Build.0 = Debug|Any CPU
		{3B2E3AED-F748-473F-BE7B-7FD2AF7C4D0A}.Release|Any CPU.ActiveCfg = Release|Any CPU
		{3B2E3AED-F748-473F-BE7B-7FD2AF7C4D0A}.Release|Any CPU.Build.0 = Release|Any CPU
	EndGlobalSection
	GlobalSection(SolutionProperties) = preSolution
		HideSolutionNode = FALSE
	EndGlobalSection
	GlobalSection(ExtensibilityGlobals) = postSolution
		SolutionGuid = {3FB3FB11-DD16-4E4E-8CB7-9C2BD829B3D3}
	EndGlobalSection
EndGlobal
