
Microsoft Visual Studio Solution File, Format Version 12.00
# Visual Studio Version 17
VisualStudioVersion = 17.14.36518.9 d17.14
MinimumVisualStudioVersion = 10.0.40219.1
Project("{FAE04EC0-301F-11D3-BF4B-00C04F79EFBC}") = "ClassLibrary1", "ClassLibrary1.csproj", "{E1480032-58F3-4519-8A99-A281A2C81C8B}"
EndProject
Project("{FAE04EC0-301F-11D3-BF4B-00C04F79EFBC}") = "WebApplication1", "..\WebApplication1\WebApplication1.csproj", "{10903E4D-E8B3-482B-97EA-D32A0855EE4A}"
EndProject
Global
	GlobalSection(SolutionConfigurationPlatforms) = preSolution
		Debug|Any CPU = Debug|Any CPU
		Release|Any CPU = Release|Any CPU
	EndGlobalSection
	GlobalSection(ProjectConfigurationPlatforms) = postSolution
		{E1480032-58F3-4519-8A99-A281A2C81C8B}.Debug|Any CPU.ActiveCfg = Debug|Any CPU
		{E1480032-58F3-4519-8A99-A281A2C81C8B}.Debug|Any CPU.Build.0 = Debug|Any CPU
		{E1480032-58F3-4519-8A99-A281A2C81C8B}.Release|Any CPU.ActiveCfg = Release|Any CPU
		{E1480032-58F3-4519-8A99-A281A2C81C8B}.Release|Any CPU.Build.0 = Release|Any CPU
		{10903E4D-E8B3-482B-97EA-D32A0855EE4A}.Debug|Any CPU.ActiveCfg = Debug|Any CPU
		{10903E4D-E8B3-482B-97EA-D32A0855EE4A}.Debug|Any CPU.Build.0 = Debug|Any CPU
		{10903E4D-E8B3-482B-97EA-D32A0855EE4A}.Release|Any CPU.ActiveCfg = Release|Any CPU
		{10903E4D-E8B3-482B-97EA-D32A0855EE4A}.Release|Any CPU.Build.0 = Release|Any CPU
	EndGlobalSection
	GlobalSection(SolutionProperties) = preSolution
		HideSolutionNode = FALSE
	EndGlobalSection
	GlobalSection(ExtensibilityGlobals) = postSolution
		SolutionGuid = {FC9849C5-53D3-46CD-A580-09E13442DBB5}
	EndGlobalSection
EndGlobal
